
Microsoft Visual Studio Solution File, Format Version 12.00
# Visual Studio Version 17
VisualStudioVersion = 17.1.32407.343
MinimumVisualStudioVersion = 10.0.40219.1
Project("{FAE04EC0-301F-11D3-BF4B-00C04F79EFBC}") = "LiveChatStream", "LiveChatStream\LiveChatStream.csproj", "{658C3348-E048-4FD4-8CE6-1BB945E70ACC}"
EndProject
Global
	GlobalSection(SolutionConfigurationPlatforms) = preSolution
		Debug|Any CPU = Debug|Any CPU
		Release|Any CPU = Release|Any CPU
	EndGlobalSection
	GlobalSection(ProjectConfigurationPlatforms) = postSolution
		{658C3348-E048-4FD4-8CE6-1BB945E70ACC}.Debug|Any CPU.ActiveCfg = Debug|Any CPU
		{658C3348-E048-4FD4-8CE6-1BB945E70ACC}.Debug|Any CPU.Build.0 = Debug|Any CPU
		{658C3348-E048-4FD4-8CE6-1BB945E70ACC}.Release|Any CPU.ActiveCfg = Release|Any CPU
		{658C3348-E048-4FD4-8CE6-1BB945E70ACC}.Release|Any CPU.Build.0 = Release|Any CPU
	EndGlobalSection
	GlobalSection(SolutionProperties) = preSolution
		HideSolutionNode = FALSE
	EndGlobalSection
	GlobalSection(ExtensibilityGlobals) = postSolution
		SolutionGuid = {2DC51FCA-554B-47CF-819D-87A7A1A5A167}
	EndGlobalSection
EndGlobal
